
Microsoft Visual Studio Solution File, Format Version 12.00
# Visual Studio 15
VisualStudioVersion = 15.0.28010.2041
MinimumVisualStudioVersion = 10.0.40219.1
Project("{FAE04EC0-301F-11D3-BF4B-00C04F79EFBC}") = "Country_City", "Country_City\Country_City.csproj", "{C8E46D0D-93E8-45C3-855C-213C7076F6A7}"
EndProject
Global
	GlobalSection(SolutionConfigurationPlatforms) = preSolution
		Debug|Any CPU = Debug|Any CPU
		Release|Any CPU = Release|Any CPU
	EndGlobalSection
	GlobalSection(ProjectConfigurationPlatforms) = postSolution
		{C8E46D0D-93E8-45C3-855C-213C7076F6A7}.Debug|Any CPU.ActiveCfg = Debug|Any CPU
		{C8E46D0D-93E8-45C3-855C-213C7076F6A7}.Debug|Any CPU.Build.0 = Debug|Any CPU
		{C8E46D0D-93E8-45C3-855C-213C7076F6A7}.Release|Any CPU.ActiveCfg = Release|Any CPU
		{C8E46D0D-93E8-45C3-855C-213C7076F6A7}.Release|Any CPU.Build.0 = Release|Any CPU
	EndGlobalSection
	GlobalSection(SolutionProperties) = preSolution
		HideSolutionNode = FALSE
	EndGlobalSection
	GlobalSection(ExtensibilityGlobals) = postSolution
		SolutionGuid = {81913A8B-8F38-48C5-B095-4264F106B99F}
	EndGlobalSection
EndGlobal
